
Microsoft Visual Studio Solution File, Format Version 12.00
# Visual Studio Version 16
VisualStudioVersion = 16.0.810.20
MinimumVisualStudioVersion = 10.0.40219.1
Project("{FAE04EC0-301F-11D3-BF4B-00C04F79EFBC}") = "31.03.2022", "31.03.2022\31.03.2022.csproj", "{8B54C0FB-A6B8-4757-8041-8B711540D978}"
EndProject
Global
	GlobalSection(SolutionConfigurationPlatforms) = preSolution
		Debug|Any CPU = Debug|Any CPU
		Release|Any CPU = Release|Any CPU
	EndGlobalSection
	GlobalSection(ProjectConfigurationPlatforms) = postSolution
		{8B54C0FB-A6B8-4757-8041-8B711540D978}.Debug|Any CPU.ActiveCfg = Debug|Any CPU
		{8B54C0FB-A6B8-4757-8041-8B711540D978}.Debug|Any CPU.Build.0 = Debug|Any CPU
		{8B54C0FB-A6B8-4757-8041-8B711540D978}.Release|Any CPU.ActiveCfg = Release|Any CPU
		{8B54C0FB-A6B8-4757-8041-8B711540D978}.Release|Any CPU.Build.0 = Release|Any CPU
	EndGlobalSection
	GlobalSection(SolutionProperties) = preSolution
		HideSolutionNode = FALSE
	EndGlobalSection
	GlobalSection(ExtensibilityGlobals) = postSolution
		SolutionGuid = {5715840D-8281-4EEB-A7BD-854EE741F3CC}
	EndGlobalSection
EndGlobal
